
Microsoft Visual Studio Solution File, Format Version 12.00
# Visual Studio Version 17
VisualStudioVersion = 17.5.002.0
MinimumVisualStudioVersion = 10.0.40219.1
Project("{9A19103F-16F7-4668-BE54-9A1E7A4F7556}") = "Module4Lab", "Module4Lab\Module4Lab.csproj", "{569D05A8-52C1-4FB8-94E3-DDEAD237358D}"
EndProject
Global
	GlobalSection(SolutionConfigurationPlatforms) = preSolution
		Debug|Any CPU = Debug|Any CPU
		Release|Any CPU = Release|Any CPU
	EndGlobalSection
	GlobalSection(ProjectConfigurationPlatforms) = postSolution
		{569D05A8-52C1-4FB8-94E3-DDEAD237358D}.Debug|Any CPU.ActiveCfg = Debug|Any CPU
		{569D05A8-52C1-4FB8-94E3-DDEAD237358D}.Debug|Any CPU.Build.0 = Debug|Any CPU
		{569D05A8-52C1-4FB8-94E3-DDEAD237358D}.Release|Any CPU.ActiveCfg = Release|Any CPU
		{569D05A8-52C1-4FB8-94E3-DDEAD237358D}.Release|Any CPU.Build.0 = Release|Any CPU
	EndGlobalSection
	GlobalSection(SolutionProperties) = preSolution
		HideSolutionNode = FALSE
	EndGlobalSection
	GlobalSection(ExtensibilityGlobals) = postSolution
		SolutionGuid = {6F1F6C8C-AB5B-421D-80B5-4E6942A62E60}
	EndGlobalSection
EndGlobal
